
Microsoft Visual Studio Solution File, Format Version 12.00
# Visual Studio Version 17
VisualStudioVersion = 17.2.32616.157
MinimumVisualStudioVersion = 10.0.40219.1
Project("{9A19103F-16F7-4668-BE54-9A1E7A4F7556}") = "GpgDecryptionApp", "GpgDecryptionApp\GpgDecryptionApp.csproj", "{9C74F46B-772B-4EC7-B5FE-06FA5B7BBAFF}"
EndProject
Project("{9A19103F-16F7-4668-BE54-9A1E7A4F7556}") = "GpgDecryptionApp.Tests", "GpgDecryptionApp.Tests\GpgDecryptionApp.Tests.csproj", "{B1D06105-DC33-4442-9211-D4FB273F9FE4}"
EndProject
Global
	GlobalSection(SolutionConfigurationPlatforms) = preSolution
		Debug|Any CPU = Debug|Any CPU
		Release|Any CPU = Release|Any CPU
	EndGlobalSection
	GlobalSection(ProjectConfigurationPlatforms) = postSolution
		{9C74F46B-772B-4EC7-B5FE-06FA5B7BBAFF}.Debug|Any CPU.ActiveCfg = Debug|Any CPU
		{9C74F46B-772B-4EC7-B5FE-06FA5B7BBAFF}.Debug|Any CPU.Build.0 = Debug|Any CPU
		{9C74F46B-772B-4EC7-B5FE-06FA5B7BBAFF}.Release|Any CPU.ActiveCfg = Release|Any CPU
		{9C74F46B-772B-4EC7-B5FE-06FA5B7BBAFF}.Release|Any CPU.Build.0 = Release|Any CPU
		{B1D06105-DC33-4442-9211-D4FB273F9FE4}.Debug|Any CPU.ActiveCfg = Debug|Any CPU
		{B1D06105-DC33-4442-9211-D4FB273F9FE4}.Debug|Any CPU.Build.0 = Debug|Any CPU
		{B1D06105-DC33-4442-9211-D4FB273F9FE4}.Release|Any CPU.ActiveCfg = Release|Any CPU
		{B1D06105-DC33-4442-9211-D4FB273F9FE4}.Release|Any CPU.Build.0 = Release|Any CPU
	EndGlobalSection
	GlobalSection(SolutionProperties) = preSolution
		HideSolutionNode = FALSE
	EndGlobalSection
	GlobalSection(ExtensibilityGlobals) = postSolution
		SolutionGuid = {79A8FA00-50CE-4A93-A1AA-D528ECD25171}
	EndGlobalSection
EndGlobal
